
Microsoft Visual Studio Solution File, Format Version 12.00
# Visual Studio Version 17
VisualStudioVersion = 17.3.32922.545
MinimumVisualStudioVersion = 10.0.40219.1
Project("{9A19103F-16F7-4668-BE54-9A1E7A4F7556}") = "Threading", "Threading\Threading.csproj", "{79E8ABDF-D280-475B-AB59-CC32C2BDCAB5}"
EndProject
Project("{9A19103F-16F7-4668-BE54-9A1E7A4F7556}") = "ConsoleApp2", "ConsoleApp2\ConsoleApp2.csproj", "{AE1C11B1-7A22-4E83-B279-139F15194D04}"
EndProject
Project("{FAE04EC0-301F-11D3-BF4B-00C04F79EFBC}") = "WinFormsApp1", "WinFormsApp1\WinFormsApp1.csproj", "{74A0DA4D-CDAF-4450-B4E4-3227D6A973D3}"
EndProject
Global
	GlobalSection(SolutionConfigurationPlatforms) = preSolution
		Debug|Any CPU = Debug|Any CPU
		Release|Any CPU = Release|Any CPU
	EndGlobalSection
	GlobalSection(ProjectConfigurationPlatforms) = postSolution
		{79E8ABDF-D280-475B-AB59-CC32C2BDCAB5}.Debug|Any CPU.ActiveCfg = Debug|Any CPU
		{79E8ABDF-D280-475B-AB59-CC32C2BDCAB5}.Debug|Any CPU.Build.0 = Debug|Any CPU
		{79E8ABDF-D280-475B-AB59-CC32C2BDCAB5}.Release|Any CPU.ActiveCfg = Release|Any CPU
		{79E8ABDF-D280-475B-AB59-CC32C2BDCAB5}.Release|Any CPU.Build.0 = Release|Any CPU
		{AE1C11B1-7A22-4E83-B279-139F15194D04}.Debug|Any CPU.ActiveCfg = Debug|Any CPU
		{AE1C11B1-7A22-4E83-B279-139F15194D04}.Debug|Any CPU.Build.0 = Debug|Any CPU
		{AE1C11B1-7A22-4E83-B279-139F15194D04}.Release|Any CPU.ActiveCfg = Release|Any CPU
		{AE1C11B1-7A22-4E83-B279-139F15194D04}.Release|Any CPU.Build.0 = Release|Any CPU
		{74A0DA4D-CDAF-4450-B4E4-3227D6A973D3}.Debug|Any CPU.ActiveCfg = Debug|Any CPU
		{74A0DA4D-CDAF-4450-B4E4-3227D6A973D3}.Debug|Any CPU.Build.0 = Debug|Any CPU
		{74A0DA4D-CDAF-4450-B4E4-3227D6A973D3}.Release|Any CPU.ActiveCfg = Release|Any CPU
		{74A0DA4D-CDAF-4450-B4E4-3227D6A973D3}.Release|Any CPU.Build.0 = Release|Any CPU
	EndGlobalSection
	GlobalSection(SolutionProperties) = preSolution
		HideSolutionNode = FALSE
	EndGlobalSection
	GlobalSection(ExtensibilityGlobals) = postSolution
		SolutionGuid = {788B916F-9356-4A74-92D5-70E189508B59}
	EndGlobalSection
EndGlobal
